
Microsoft Visual Studio Solution File, Format Version 12.00
# Visual Studio Version 17
VisualStudioVersion = 17.11.35005.142
MinimumVisualStudioVersion = 10.0.40219.1
Project("{00D1A9C2-B5F0-4AF3-8072-F6C62B433612}") = "Database", "Database\Database.sqlproj", "{A08DAAA2-A266-4650-9848-EFD69375BBD7}"
EndProject
Project("{9A19103F-16F7-4668-BE54-9A1E7A4F7556}") = "Visualizer", "Visualizer\Visualizer.csproj", "{38AE8937-0218-4561-9D08-12782A17117D}"
EndProject
Project("{9A19103F-16F7-4668-BE54-9A1E7A4F7556}") = "Models", "ClassLibrary1\Models.csproj", "{67D4C108-456A-492F-952A-5A38EE2ED7D9}"
EndProject
Global
	GlobalSection(SolutionConfigurationPlatforms) = preSolution
		Debug|Any CPU = Debug|Any CPU
		Release|Any CPU = Release|Any CPU
	EndGlobalSection
	GlobalSection(ProjectConfigurationPlatforms) = postSolution
		{A08DAAA2-A266-4650-9848-EFD69375BBD7}.Debug|Any CPU.ActiveCfg = Debug|Any CPU
		{A08DAAA2-A266-4650-9848-EFD69375BBD7}.Debug|Any CPU.Build.0 = Debug|Any CPU
		{A08DAAA2-A266-4650-9848-EFD69375BBD7}.Debug|Any CPU.Deploy.0 = Debug|Any CPU
		{A08DAAA2-A266-4650-9848-EFD69375BBD7}.Release|Any CPU.ActiveCfg = Release|Any CPU
		{A08DAAA2-A266-4650-9848-EFD69375BBD7}.Release|Any CPU.Build.0 = Release|Any CPU
		{A08DAAA2-A266-4650-9848-EFD69375BBD7}.Release|Any CPU.Deploy.0 = Release|Any CPU
		{38AE8937-0218-4561-9D08-12782A17117D}.Debug|Any CPU.ActiveCfg = Debug|Any CPU
		{38AE8937-0218-4561-9D08-12782A17117D}.Debug|Any CPU.Build.0 = Debug|Any CPU
		{38AE8937-0218-4561-9D08-12782A17117D}.Release|Any CPU.ActiveCfg = Release|Any CPU
		{38AE8937-0218-4561-9D08-12782A17117D}.Release|Any CPU.Build.0 = Release|Any CPU
		{67D4C108-456A-492F-952A-5A38EE2ED7D9}.Debug|Any CPU.ActiveCfg = Debug|Any CPU
		{67D4C108-456A-492F-952A-5A38EE2ED7D9}.Debug|Any CPU.Build.0 = Debug|Any CPU
		{67D4C108-456A-492F-952A-5A38EE2ED7D9}.Release|Any CPU.ActiveCfg = Release|Any CPU
		{67D4C108-456A-492F-952A-5A38EE2ED7D9}.Release|Any CPU.Build.0 = Release|Any CPU
	EndGlobalSection
	GlobalSection(SolutionProperties) = preSolution
		HideSolutionNode = FALSE
	EndGlobalSection
	GlobalSection(ExtensibilityGlobals) = postSolution
		SolutionGuid = {F9CB746E-30CD-4173-8C84-C9BA91293270}
	EndGlobalSection
EndGlobal
